
Microsoft Visual Studio Solution File, Format Version 12.00
# Visual Studio Version 16
VisualStudioVersion = 16.0.29409.12
MinimumVisualStudioVersion = 10.0.40219.1
Project("{FAE04EC0-301F-11D3-BF4B-00C04F79EFBC}") = "ProveedorPresentación", "ProveedorPresentación.csproj", "{F1908C42-664B-457C-9936-069E747A8498}"
EndProject
Project("{FAE04EC0-301F-11D3-BF4B-00C04F79EFBC}") = "Conexiones", "..\Conexiones\Conexiones\Conexiones.csproj", "{F4199962-8035-418A-B81B-119FED6A0064}"
EndProject
Project("{FAE04EC0-301F-11D3-BF4B-00C04F79EFBC}") = "Comun", "..\Comun\Comun.csproj", "{D723861B-13A9-4009-8AA1-060BAFB4A654}"
EndProject
Project("{FAE04EC0-301F-11D3-BF4B-00C04F79EFBC}") = "MisControles", "..\MisControles\MisControles.csproj", "{B705E46E-D286-4FE7-819D-C1334A389AF5}"
EndProject
Project("{9A19103F-16F7-4668-BE54-9A1E7A4F7556}") = "ProveedorEntidades", "..\ProveedorEntidades\ProveedorEntidades.csproj", "{C73F7EB3-D1DA-4FE2-B012-EC7F978B36FD}"
EndProject
Project("{FAE04EC0-301F-11D3-BF4B-00C04F79EFBC}") = "ProveedorAccesoDeDatos", "..\ProveedorAccesoDeDatos\ProveedorAccesoDeDatos.csproj", "{BF0DD423-CFC5-4DF7-8DE9-EA4C2AB356F3}"
EndProject
Project("{FAE04EC0-301F-11D3-BF4B-00C04F79EFBC}") = "ProveedorLogicaNegocio", "..\ProveedorLogicaNegocio\ProveedorLogicaNegocio.csproj", "{2495A6DD-5B71-4C5E-A48A-FA0979CE2ACA}"
EndProject
Project("{FAE04EC0-301F-11D3-BF4B-00C04F79EFBC}") = "ProveedorLogicaNegocio.Tests", "..\ProveedorLogicaNegocio.Tests\ProveedorLogicaNegocio.Tests.csproj", "{B7BE9E33-052C-4E40-854F-F1398A51F28D}"
EndProject
Project("{54435603-DBB4-11D2-8724-00A0C9A8B90C}") = "Setup", "..\Setup\Setup.vdproj", "{C6251853-32FC-406A-A273-F5A4B42470D4}"
EndProject
Global
	GlobalSection(SolutionConfigurationPlatforms) = preSolution
		Debug|Any CPU = Debug|Any CPU
		Release|Any CPU = Release|Any CPU
	EndGlobalSection
	GlobalSection(ProjectConfigurationPlatforms) = postSolution
		{F1908C42-664B-457C-9936-069E747A8498}.Debug|Any CPU.ActiveCfg = Debug|Any CPU
		{F1908C42-664B-457C-9936-069E747A8498}.Debug|Any CPU.Build.0 = Debug|Any CPU
		{F1908C42-664B-457C-9936-069E747A8498}.Release|Any CPU.ActiveCfg = Release|Any CPU
		{F1908C42-664B-457C-9936-069E747A8498}.Release|Any CPU.Build.0 = Release|Any CPU
		{F4199962-8035-418A-B81B-119FED6A0064}.Debug|Any CPU.ActiveCfg = Debug|Any CPU
		{F4199962-8035-418A-B81B-119FED6A0064}.Debug|Any CPU.Build.0 = Debug|Any CPU
		{F4199962-8035-418A-B81B-119FED6A0064}.Release|Any CPU.ActiveCfg = Release|Any CPU
		{F4199962-8035-418A-B81B-119FED6A0064}.Release|Any CPU.Build.0 = Release|Any CPU
		{D723861B-13A9-4009-8AA1-060BAFB4A654}.Debug|Any CPU.ActiveCfg = Debug|Any CPU
		{D723861B-13A9-4009-8AA1-060BAFB4A654}.Debug|Any CPU.Build.0 = Debug|Any CPU
		{D723861B-13A9-4009-8AA1-060BAFB4A654}.Release|Any CPU.ActiveCfg = Release|Any CPU
		{D723861B-13A9-4009-8AA1-060BAFB4A654}.Release|Any CPU.Build.0 = Release|Any CPU
		{B705E46E-D286-4FE7-819D-C1334A389AF5}.Debug|Any CPU.ActiveCfg = Debug|Any CPU
		{B705E46E-D286-4FE7-819D-C1334A389AF5}.Debug|Any CPU.Build.0 = Debug|Any CPU
		{B705E46E-D286-4FE7-819D-C1334A389AF5}.Release|Any CPU.ActiveCfg = Release|Any CPU
		{B705E46E-D286-4FE7-819D-C1334A389AF5}.Release|Any CPU.Build.0 = Release|Any CPU
		{C73F7EB3-D1DA-4FE2-B012-EC7F978B36FD}.Debug|Any CPU.ActiveCfg = Debug|Any CPU
		{C73F7EB3-D1DA-4FE2-B012-EC7F978B36FD}.Debug|Any CPU.Build.0 = Debug|Any CPU
		{C73F7EB3-D1DA-4FE2-B012-EC7F978B36FD}.Release|Any CPU.ActiveCfg = Release|Any CPU
		{C73F7EB3-D1DA-4FE2-B012-EC7F978B36FD}.Release|Any CPU.Build.0 = Release|Any CPU
		{BF0DD423-CFC5-4DF7-8DE9-EA4C2AB356F3}.Debug|Any CPU.ActiveCfg = Debug|Any CPU
		{BF0DD423-CFC5-4DF7-8DE9-EA4C2AB356F3}.Debug|Any CPU.Build.0 = Debug|Any CPU
		{BF0DD423-CFC5-4DF7-8DE9-EA4C2AB356F3}.Release|Any CPU.ActiveCfg = Release|Any CPU
		{BF0DD423-CFC5-4DF7-8DE9-EA4C2AB356F3}.Release|Any CPU.Build.0 = Release|Any CPU
		{2495A6DD-5B71-4C5E-A48A-FA0979CE2ACA}.Debug|Any CPU.ActiveCfg = Debug|Any CPU
		{2495A6DD-5B71-4C5E-A48A-FA0979CE2ACA}.Debug|Any CPU.Build.0 = Debug|Any CPU
		{2495A6DD-5B71-4C5E-A48A-FA0979CE2ACA}.Release|Any CPU.ActiveCfg = Release|Any CPU
		{2495A6DD-5B71-4C5E-A48A-FA0979CE2ACA}.Release|Any CPU.Build.0 = Release|Any CPU
		{B7BE9E33-052C-4E40-854F-F1398A51F28D}.Debug|Any CPU.ActiveCfg = Debug|Any CPU
		{B7BE9E33-052C-4E40-854F-F1398A51F28D}.Debug|Any CPU.Build.0 = Debug|Any CPU
		{B7BE9E33-052C-4E40-854F-F1398A51F28D}.Release|Any CPU.ActiveCfg = Release|Any CPU
		{B7BE9E33-052C-4E40-854F-F1398A51F28D}.Release|Any CPU.Build.0 = Release|Any CPU
		{C6251853-32FC-406A-A273-F5A4B42470D4}.Debug|Any CPU.ActiveCfg = Debug
		{C6251853-32FC-406A-A273-F5A4B42470D4}.Release|Any CPU.ActiveCfg = Release
	EndGlobalSection
	GlobalSection(SolutionProperties) = preSolution
		HideSolutionNode = FALSE
	EndGlobalSection
	GlobalSection(ExtensibilityGlobals) = postSolution
		SolutionGuid = {C852C7AF-D608-4173-A9BE-24F6348D056F}
	EndGlobalSection
EndGlobal
